// !$*UTF8*$!
{
	archiveVersion = 1;
	classes = {
	};
	objectVersion = 46;
	objects = {

/* Begin PBXBuildFile section */
		506D117EE2C284AB01999A39 /* Pods_GA_Placer2_0Demo.framework in Frameworks */ = {isa = PBXBuildFile; fileRef = 47D9CE09E841F99492DF9BCA /* Pods_GA_Placer2_0Demo.framework */; };
		DCCD51591E36F031002D4E5E /* AppDelegate.swift in Sources */ = {isa = PBXBuildFile; fileRef = DCCD51581E36F031002D4E5E /* AppDelegate.swift */; };
		DCCD515E1E36F031002D4E5E /* Main.storyboard in Resources */ = {isa = PBXBuildFile; fileRef = DCCD515C1E36F031002D4E5E /* Main.storyboard */; };
		DCCD51601E36F031002D4E5E /* Assets.xcassets in Resources */ = {isa = PBXBuildFile; fileRef = DCCD515F1E36F031002D4E5E /* Assets.xcassets */; };
		DCCD51631E36F031002D4E5E /* LaunchScreen.storyboard in Resources */ = {isa = PBXBuildFile; fileRef = DCCD51611E36F031002D4E5E /* LaunchScreen.storyboard */; };
		DCCD516E1E36F031002D4E5E /* GA_Placer2_0DemoTests.swift in Sources */ = {isa = PBXBuildFile; fileRef = DCCD516D1E36F031002D4E5E /* GA_Placer2_0DemoTests.swift */; };
		DCCD51791E36F031002D4E5E /* GA_Placer2_0DemoUITests.swift in Sources */ = {isa = PBXBuildFile; fileRef = DCCD51781E36F031002D4E5E /* GA_Placer2_0DemoUITests.swift */; };
		DCF73DDA1E3732CD00078DFA /* theme.swift in Sources */ = {isa = PBXBuildFile; fileRef = DCF73DD91E3732CD00078DFA /* theme.swift */; };
		DCF73DE61E37354F00078DFA /* ChangeCityHeaderView.swift in Sources */ = {isa = PBXBuildFile; fileRef = DCF73DDE1E37354F00078DFA /* ChangeCityHeaderView.swift */; };
		DCF73DE71E37354F00078DFA /* ChangeCityTableViewCell.swift in Sources */ = {isa = PBXBuildFile; fileRef = DCF73DDF1E37354F00078DFA /* ChangeCityTableViewCell.swift */; };
		DCF73DE81E37354F00078DFA /* ChangeCityTableViewSection.swift in Sources */ = {isa = PBXBuildFile; fileRef = DCF73DE01E37354F00078DFA /* ChangeCityTableViewSection.swift */; };
		DCF73DE91E37354F00078DFA /* CityCollectionViewCell.swift in Sources */ = {isa = PBXBuildFile; fileRef = DCF73DE11E37354F00078DFA /* CityCollectionViewCell.swift */; };
		DCF73DEB1E37354F00078DFA /* GA_ChangeCityViewController.swift in Sources */ = {isa = PBXBuildFile; fileRef = DCF73DE31E37354F00078DFA /* GA_ChangeCityViewController.swift */; };
		DCF73DEF1E37359C00078DFA /* SBStringUtil.swift in Sources */ = {isa = PBXBuildFile; fileRef = DCF73DEE1E37359C00078DFA /* SBStringUtil.swift */; };
		DCF73DF51E373A3400078DFA /* GA_BaseNavigationView.swift in Sources */ = {isa = PBXBuildFile; fileRef = DCF73DF21E373A3400078DFA /* GA_BaseNavigationView.swift */; };
		DCF73DF61E373A3400078DFA /* GA_CustomeSaveNavigationView.swift in Sources */ = {isa = PBXBuildFile; fileRef = DCF73DF31E373A3400078DFA /* GA_CustomeSaveNavigationView.swift */; };
		DCF73DF71E373A3400078DFA /* GA_ShadowView.swift in Sources */ = {isa = PBXBuildFile; fileRef = DCF73DF41E373A3400078DFA /* GA_ShadowView.swift */; };
		DCF73DF91E373BE500078DFA /* 城市选择.png in Resources */ = {isa = PBXBuildFile; fileRef = DCF73DF81E373BE500078DFA /* 城市选择.png */; };
/* End PBXBuildFile section */

/* Begin PBXContainerItemProxy section */
		DCCD516A1E36F031002D4E5E /* PBXContainerItemProxy */ = {
			isa = PBXContainerItemProxy;
			containerPortal = DCCD514D1E36F031002D4E5E /* Project object */;
			proxyType = 1;
			remoteGlobalIDString = DCCD51541E36F031002D4E5E;
			remoteInfo = GA_Placer2.0Demo;
		};
		DCCD51751E36F031002D4E5E /* PBXContainerItemProxy */ = {
			isa = PBXContainerItemProxy;
			containerPortal = DCCD514D1E36F031002D4E5E /* Project object */;
			proxyType = 1;
			remoteGlobalIDString = DCCD51541E36F031002D4E5E;
			remoteInfo = GA_Placer2.0Demo;
		};
/* End PBXContainerItemProxy section */

/* Begin PBXFileReference section */
		43D132A9D3F6B00834CC5F38 /* Pods-GA_Placer2.0Demo.debug.xcconfig */ = {isa = PBXFileReference; includeInIndex = 1; lastKnownFileType = text.xcconfig; name = "Pods-GA_Placer2.0Demo.debug.xcconfig"; path = "Pods/Target Support Files/Pods-GA_Placer2.0Demo/Pods-GA_Placer2.0Demo.debug.xcconfig"; sourceTree = "<group>"; };
		47D9CE09E841F99492DF9BCA /* Pods_GA_Placer2_0Demo.framework */ = {isa = PBXFileReference; explicitFileType = wrapper.framework; includeInIndex = 0; path = Pods_GA_Placer2_0Demo.framework; sourceTree = BUILT_PRODUCTS_DIR; };
		8F198711D11E452930A01E9A /* Pods-GA_Placer2.0Demo.release.xcconfig */ = {isa = PBXFileReference; includeInIndex = 1; lastKnownFileType = text.xcconfig; name = "Pods-GA_Placer2.0Demo.release.xcconfig"; path = "Pods/Target Support Files/Pods-GA_Placer2.0Demo/Pods-GA_Placer2.0Demo.release.xcconfig"; sourceTree = "<group>"; };
		DCCD51551E36F031002D4E5E /* GA_Placer2.0Demo.app */ = {isa = PBXFileReference; explicitFileType = wrapper.application; includeInIndex = 0; path = GA_Placer2.0Demo.app; sourceTree = BUILT_PRODUCTS_DIR; };
		DCCD51581E36F031002D4E5E /* AppDelegate.swift */ = {isa = PBXFileReference; lastKnownFileType = sourcecode.swift; path = AppDelegate.swift; sourceTree = "<group>"; };
		DCCD515D1E36F031002D4E5E /* Base */ = {isa = PBXFileReference; lastKnownFileType = file.storyboard; name = Base; path = Base.lproj/Main.storyboard; sourceTree = "<group>"; };
		DCCD515F1E36F031002D4E5E /* Assets.xcassets */ = {isa = PBXFileReference; lastKnownFileType = folder.assetcatalog; path = Assets.xcassets; sourceTree = "<group>"; };
		DCCD51621E36F031002D4E5E /* Base */ = {isa = PBXFileReference; lastKnownFileType = file.storyboard; name = Base; path = Base.lproj/LaunchScreen.storyboard; sourceTree = "<group>"; };
		DCCD51641E36F031002D4E5E /* Info.plist */ = {isa = PBXFileReference; lastKnownFileType = text.plist.xml; path = Info.plist; sourceTree = "<group>"; };
		DCCD51691E36F031002D4E5E /* GA_Placer2.0DemoTests.xctest */ = {isa = PBXFileReference; explicitFileType = wrapper.cfbundle; includeInIndex = 0; path = GA_Placer2.0DemoTests.xctest; sourceTree = BUILT_PRODUCTS_DIR; };
		DCCD516D1E36F031002D4E5E /* GA_Placer2_0DemoTests.swift */ = {isa = PBXFileReference; lastKnownFileType = sourcecode.swift; path = GA_Placer2_0DemoTests.swift; sourceTree = "<group>"; };
		DCCD516F1E36F031002D4E5E /* Info.plist */ = {isa = PBXFileReference; lastKnownFileType = text.plist.xml; path = Info.plist; sourceTree = "<group>"; };
		DCCD51741E36F031002D4E5E /* GA_Placer2.0DemoUITests.xctest */ = {isa = PBXFileReference; explicitFileType = wrapper.cfbundle; includeInIndex = 0; path = GA_Placer2.0DemoUITests.xctest; sourceTree = BUILT_PRODUCTS_DIR; };
		DCCD51781E36F031002D4E5E /* GA_Placer2_0DemoUITests.swift */ = {isa = PBXFileReference; lastKnownFileType = sourcecode.swift; path = GA_Placer2_0DemoUITests.swift; sourceTree = "<group>"; };
		DCCD517A1E36F031002D4E5E /* Info.plist */ = {isa = PBXFileReference; lastKnownFileType = text.plist.xml; path = Info.plist; sourceTree = "<group>"; };
		DCF73DD91E3732CD00078DFA /* theme.swift */ = {isa = PBXFileReference; fileEncoding = 4; lastKnownFileType = sourcecode.swift; path = theme.swift; sourceTree = "<group>"; };
		DCF73DDE1E37354F00078DFA /* ChangeCityHeaderView.swift */ = {isa = PBXFileReference; fileEncoding = 4; lastKnownFileType = sourcecode.swift; path = ChangeCityHeaderView.swift; sourceTree = "<group>"; };
		DCF73DDF1E37354F00078DFA /* ChangeCityTableViewCell.swift */ = {isa = PBXFileReference; fileEncoding = 4; lastKnownFileType = sourcecode.swift; path = ChangeCityTableViewCell.swift; sourceTree = "<group>"; };
		DCF73DE01E37354F00078DFA /* ChangeCityTableViewSection.swift */ = {isa = PBXFileReference; fileEncoding = 4; lastKnownFileType = sourcecode.swift; path = ChangeCityTableViewSection.swift; sourceTree = "<group>"; };
		DCF73DE11E37354F00078DFA /* CityCollectionViewCell.swift */ = {isa = PBXFileReference; fileEncoding = 4; lastKnownFileType = sourcecode.swift; path = CityCollectionViewCell.swift; sourceTree = "<group>"; };
		DCF73DE31E37354F00078DFA /* GA_ChangeCityViewController.swift */ = {isa = PBXFileReference; fileEncoding = 4; lastKnownFileType = sourcecode.swift; path = GA_ChangeCityViewController.swift; sourceTree = "<group>"; };
		DCF73DEE1E37359C00078DFA /* SBStringUtil.swift */ = {isa = PBXFileReference; fileEncoding = 4; lastKnownFileType = sourcecode.swift; path = SBStringUtil.swift; sourceTree = "<group>"; };
		DCF73DF01E3735E100078DFA /* PlacerHeader.h */ = {isa = PBXFileReference; lastKnownFileType = sourcecode.c.h; path = PlacerHeader.h; sourceTree = "<group>"; };
		DCF73DF21E373A3400078DFA /* GA_BaseNavigationView.swift */ = {isa = PBXFileReference; fileEncoding = 4; lastKnownFileType = sourcecode.swift; path = GA_BaseNavigationView.swift; sourceTree = "<group>"; };
		DCF73DF31E373A3400078DFA /* GA_CustomeSaveNavigationView.swift */ = {isa = PBXFileReference; fileEncoding = 4; lastKnownFileType = sourcecode.swift; path = GA_CustomeSaveNavigationView.swift; sourceTree = "<group>"; };
		DCF73DF41E373A3400078DFA /* GA_ShadowView.swift */ = {isa = PBXFileReference; fileEncoding = 4; lastKnownFileType = sourcecode.swift; path = GA_ShadowView.swift; sourceTree = "<group>"; };
		DCF73DF81E373BE500078DFA /* 城市选择.png */ = {isa = PBXFileReference; lastKnownFileType = image.png; path = "城市选择.png"; sourceTree = "<group>"; };
/* End PBXFileReference section */

/* Begin PBXFrameworksBuildPhase section */
		DCCD51521E36F031002D4E5E /* Frameworks */ = {
			isa = PBXFrameworksBuildPhase;
			buildActionMask = 2147483647;
			files = (
				506D117EE2C284AB01999A39 /* Pods_GA_Placer2_0Demo.framework in Frameworks */,
			);
			runOnlyForDeploymentPostprocessing = 0;
		};
		DCCD51661E36F031002D4E5E /* Frameworks */ = {
			isa = PBXFrameworksBuildPhase;
			buildActionMask = 2147483647;
			files = (
			);
			runOnlyForDeploymentPostprocessing = 0;
		};
		DCCD51711E36F031002D4E5E /* Frameworks */ = {
			isa = PBXFrameworksBuildPhase;
			buildActionMask = 2147483647;
			files = (
			);
			runOnlyForDeploymentPostprocessing = 0;
		};
/* End PBXFrameworksBuildPhase section */

/* Begin PBXGroup section */
		78E3FAD674E3A7B87FB3E8EB /* Frameworks */ = {
			isa = PBXGroup;
			children = (
				47D9CE09E841F99492DF9BCA /* Pods_GA_Placer2_0Demo.framework */,
			);
			name = Frameworks;
			sourceTree = "<group>";
		};
		7DA2F2D7B2F96E1331632A8B /* Pods */ = {
			isa = PBXGroup;
			children = (
				43D132A9D3F6B00834CC5F38 /* Pods-GA_Placer2.0Demo.debug.xcconfig */,
				8F198711D11E452930A01E9A /* Pods-GA_Placer2.0Demo.release.xcconfig */,
			);
			name = Pods;
			sourceTree = "<group>";
		};
		DCCD514C1E36F031002D4E5E = {
			isa = PBXGroup;
			children = (
				DCCD51571E36F031002D4E5E /* GA_Placer2.0Demo */,
				DCCD516C1E36F031002D4E5E /* GA_Placer2.0DemoTests */,
				DCCD51771E36F031002D4E5E /* GA_Placer2.0DemoUITests */,
				DCCD51561E36F031002D4E5E /* Products */,
				7DA2F2D7B2F96E1331632A8B /* Pods */,
				78E3FAD674E3A7B87FB3E8EB /* Frameworks */,
			);
			sourceTree = "<group>";
		};
		DCCD51561E36F031002D4E5E /* Products */ = {
			isa = PBXGroup;
			children = (
				DCCD51551E36F031002D4E5E /* GA_Placer2.0Demo.app */,
				DCCD51691E36F031002D4E5E /* GA_Placer2.0DemoTests.xctest */,
				DCCD51741E36F031002D4E5E /* GA_Placer2.0DemoUITests.xctest */,
			);
			name = Products;
			sourceTree = "<group>";
		};
		DCCD51571E36F031002D4E5E /* GA_Placer2.0Demo */ = {
			isa = PBXGroup;
			children = (
				DCF73DDD1E37354F00078DFA /* ChangeCity */,
				DCCD51581E36F031002D4E5E /* AppDelegate.swift */,
				DCF73DEE1E37359C00078DFA /* SBStringUtil.swift */,
				DCF73DF01E3735E100078DFA /* PlacerHeader.h */,
				DCF73DD91E3732CD00078DFA /* theme.swift */,
				DCCD515C1E36F031002D4E5E /* Main.storyboard */,
				DCCD515F1E36F031002D4E5E /* Assets.xcassets */,
				DCF73DF81E373BE500078DFA /* 城市选择.png */,
				DCCD51611E36F031002D4E5E /* LaunchScreen.storyboard */,
				DCCD51641E36F031002D4E5E /* Info.plist */,
			);
			path = GA_Placer2.0Demo;
			sourceTree = "<group>";
		};
		DCCD516C1E36F031002D4E5E /* GA_Placer2.0DemoTests */ = {
			isa = PBXGroup;
			children = (
				DCCD516D1E36F031002D4E5E /* GA_Placer2_0DemoTests.swift */,
				DCCD516F1E36F031002D4E5E /* Info.plist */,
			);
			path = GA_Placer2.0DemoTests;
			sourceTree = "<group>";
		};
		DCCD51771E36F031002D4E5E /* GA_Placer2.0DemoUITests */ = {
			isa = PBXGroup;
			children = (
				DCCD51781E36F031002D4E5E /* GA_Placer2_0DemoUITests.swift */,
				DCCD517A1E36F031002D4E5E /* Info.plist */,
			);
			path = GA_Placer2.0DemoUITests;
			sourceTree = "<group>";
		};
		DCF73DDD1E37354F00078DFA /* ChangeCity */ = {
			isa = PBXGroup;
			children = (
				DCF73DF11E373A3400078DFA /* public */,
				DCF73DE31E37354F00078DFA /* GA_ChangeCityViewController.swift */,
				DCF73DDE1E37354F00078DFA /* ChangeCityHeaderView.swift */,
				DCF73DE01E37354F00078DFA /* ChangeCityTableViewSection.swift */,
				DCF73DDF1E37354F00078DFA /* ChangeCityTableViewCell.swift */,
				DCF73DE11E37354F00078DFA /* CityCollectionViewCell.swift */,
			);
			path = ChangeCity;
			sourceTree = "<group>";
		};
		DCF73DF11E373A3400078DFA /* public */ = {
			isa = PBXGroup;
			children = (
				DCF73DF21E373A3400078DFA /* GA_BaseNavigationView.swift */,
				DCF73DF31E373A3400078DFA /* GA_CustomeSaveNavigationView.swift */,
				DCF73DF41E373A3400078DFA /* GA_ShadowView.swift */,
			);
			path = public;
			sourceTree = "<group>";
		};
/* End PBXGroup section */

/* Begin PBXNativeTarget section */
		DCCD51541E36F031002D4E5E /* GA_Placer2.0Demo */ = {
			isa = PBXNativeTarget;
			buildConfigurationList = DCCD517D1E36F031002D4E5E /* Build configuration list for PBXNativeTarget "GA_Placer2.0Demo" */;
			buildPhases = (
				E3A09AB589B525BD36BC17E4 /* [CP] Check Pods Manifest.lock */,
				DCCD51511E36F031002D4E5E /* Sources */,
				DCCD51521E36F031002D4E5E /* Frameworks */,
				DCCD51531E36F031002D4E5E /* Resources */,
				D8292C01180C731E3548ADF0 /* [CP] Embed Pods Frameworks */,
				82EA105D9C776C04A71C736F /* [CP] Copy Pods Resources */,
			);
			buildRules = (
			);
			dependencies = (
			);
			name = GA_Placer2.0Demo;
			productName = GA_Placer2.0Demo;
			productReference = DCCD51551E36F031002D4E5E /* GA_Placer2.0Demo.app */;
			productType = "com.apple.product-type.application";
		};
		DCCD51681E36F031002D4E5E /* GA_Placer2.0DemoTests */ = {
			isa = PBXNativeTarget;
			buildConfigurationList = DCCD51801E36F031002D4E5E /* Build configuration list for PBXNativeTarget "GA_Placer2.0DemoTests" */;
			buildPhases = (
				DCCD51651E36F031002D4E5E /* Sources */,
				DCCD51661E36F031002D4E5E /* Frameworks */,
				DCCD51671E36F031002D4E5E /* Resources */,
			);
			buildRules = (
			);
			dependencies = (
				DCCD516B1E36F031002D4E5E /* PBXTargetDependency */,
			);
			name = GA_Placer2.0DemoTests;
			productName = GA_Placer2.0DemoTests;
			productReference = DCCD51691E36F031002D4E5E /* GA_Placer2.0DemoTests.xctest */;
			productType = "com.apple.product-type.bundle.unit-test";
		};
		DCCD51731E36F031002D4E5E /* GA_Placer2.0DemoUITests */ = {
			isa = PBXNativeTarget;
			buildConfigurationList = DCCD51831E36F031002D4E5E /* Build configuration list for PBXNativeTarget "GA_Placer2.0DemoUITests" */;
			buildPhases = (
				DCCD51701E36F031002D4E5E /* Sources */,
				DCCD51711E36F031002D4E5E /* Frameworks */,
				DCCD51721E36F031002D4E5E /* Resources */,
			);
			buildRules = (
			);
			dependencies = (
				DCCD51761E36F031002D4E5E /* PBXTargetDependency */,
			);
			name = GA_Placer2.0DemoUITests;
			productName = GA_Placer2.0DemoUITests;
			productReference = DCCD51741E36F031002D4E5E /* GA_Placer2.0DemoUITests.xctest */;
			productType = "com.apple.product-type.bundle.ui-testing";
		};
/* End PBXNativeTarget section */

/* Begin PBXProject section */
		DCCD514D1E36F031002D4E5E /* Project object */ = {
			isa = PBXProject;
			attributes = {
				LastSwiftUpdateCheck = 0810;
				LastUpgradeCheck = 0810;
				ORGANIZATIONNAME = houjianan;
				TargetAttributes = {
					DCCD51541E36F031002D4E5E = {
						CreatedOnToolsVersion = 8.1;
						DevelopmentTeam = 3T975E2R33;
						ProvisioningStyle = Automatic;
					};
					DCCD51681E36F031002D4E5E = {
						CreatedOnToolsVersion = 8.1;
						DevelopmentTeam = 3T975E2R33;
						ProvisioningStyle = Automatic;
						TestTargetID = DCCD51541E36F031002D4E5E;
					};
					DCCD51731E36F031002D4E5E = {
						CreatedOnToolsVersion = 8.1;
						DevelopmentTeam = 3T975E2R33;
						ProvisioningStyle = Automatic;
						TestTargetID = DCCD51541E36F031002D4E5E;
					};
				};
			};
			buildConfigurationList = DCCD51501E36F031002D4E5E /* Build configuration list for PBXProject "GA_Placer2.0Demo" */;
			compatibilityVersion = "Xcode 3.2";
			developmentRegion = English;
			hasScannedForEncodings = 0;
			knownRegions = (
				en,
				Base,
			);
			mainGroup = DCCD514C1E36F031002D4E5E;
			productRefGroup = DCCD51561E36F031002D4E5E /* Products */;
			projectDirPath = "";
			projectRoot = "";
			targets = (
				DCCD51541E36F031002D4E5E /* GA_Placer2.0Demo */,
				DCCD51681E36F031002D4E5E /* GA_Placer2.0DemoTests */,
				DCCD51731E36F031002D4E5E /* GA_Placer2.0DemoUITests */,
			);
		};
/* End PBXProject section */

/* Begin PBXResourcesBuildPhase section */
		DCCD51531E36F031002D4E5E /* Resources */ = {
			isa = PBXResourcesBuildPhase;
			buildActionMask = 2147483647;
			files = (
				DCCD51631E36F031002D4E5E /* LaunchScreen.storyboard in Resources */,
				DCF73DF91E373BE500078DFA /* 城市选择.png in Resources */,
				DCCD51601E36F031002D4E5E /* Assets.xcassets in Resources */,
				DCCD515E1E36F031002D4E5E /* Main.storyboard in Resources */,
			);
			runOnlyForDeploymentPostprocessing = 0;
		};
		DCCD51671E36F031002D4E5E /* Resources */ = {
			isa = PBXResourcesBuildPhase;
			buildActionMask = 2147483647;
			files = (
			);
			runOnlyForDeploymentPostprocessing = 0;
		};
		DCCD51721E36F031002D4E5E /* Resources */ = {
			isa = PBXResourcesBuildPhase;
			buildActionMask = 2147483647;
			files = (
			);
			runOnlyForDeploymentPostprocessing = 0;
		};
/* End PBXResourcesBuildPhase section */

/* Begin PBXShellScriptBuildPhase section */
		82EA105D9C776C04A71C736F /* [CP] Copy Pods Resources */ = {
			isa = PBXShellScriptBuildPhase;
			buildActionMask = 2147483647;
			files = (
			);
			inputPaths = (
			);
			name = "[CP] Copy Pods Resources";
			outputPaths = (
			);
			runOnlyForDeploymentPostprocessing = 0;
			shellPath = /bin/sh;
			shellScript = "\"${SRCROOT}/Pods/Target Support Files/Pods-GA_Placer2.0Demo/Pods-GA_Placer2.0Demo-resources.sh\"\n";
			showEnvVarsInLog = 0;
		};
		D8292C01180C731E3548ADF0 /* [CP] Embed Pods Frameworks */ = {
			isa = PBXShellScriptBuildPhase;
			buildActionMask = 2147483647;
			files = (
			);
			inputPaths = (
			);
			name = "[CP] Embed Pods Frameworks";
			outputPaths = (
			);
			runOnlyForDeploymentPostprocessing = 0;
			shellPath = /bin/sh;
			shellScript = "\"${SRCROOT}/Pods/Target Support Files/Pods-GA_Placer2.0Demo/Pods-GA_Placer2.0Demo-frameworks.sh\"\n";
			showEnvVarsInLog = 0;
		};
		E3A09AB589B525BD36BC17E4 /* [CP] Check Pods Manifest.lock */ = {
			isa = PBXShellScriptBuildPhase;
			buildActionMask = 2147483647;
			files = (
			);
			inputPaths = (
			);
			name = "[CP] Check Pods Manifest.lock";
			outputPaths = (
			);
			runOnlyForDeploymentPostprocessing = 0;
			shellPath = /bin/sh;
			shellScript = "diff \"${PODS_ROOT}/../Podfile.lock\" \"${PODS_ROOT}/Manifest.lock\" > /dev/null\nif [ $? != 0 ] ; then\n    # print error to STDERR\n    echo \"error: The sandbox is not in sync with the Podfile.lock. Run 'pod install' or update your CocoaPods installation.\" >&2\n    exit 1\nfi\n";
			showEnvVarsInLog = 0;
		};
/* End PBXShellScriptBuildPhase section */

/* Begin PBXSourcesBuildPhase section */
		DCCD51511E36F031002D4E5E /* Sources */ = {
			isa = PBXSourcesBuildPhase;
			buildActionMask = 2147483647;
			files = (
				DCF73DE81E37354F00078DFA /* ChangeCityTableViewSection.swift in Sources */,
				DCF73DE91E37354F00078DFA /* CityCollectionViewCell.swift in Sources */,
				DCF73DF71E373A3400078DFA /* GA_ShadowView.swift in Sources */,
				DCF73DE61E37354F00078DFA /* ChangeCityHeaderView.swift in Sources */,
				DCF73DEF1E37359C00078DFA /* SBStringUtil.swift in Sources */,
				DCF73DF51E373A3400078DFA /* GA_BaseNavigationView.swift in Sources */,
				DCF73DEB1E37354F00078DFA /* GA_ChangeCityViewController.swift in Sources */,
				DCF73DF61E373A3400078DFA /* GA_CustomeSaveNavigationView.swift in Sources */,
				DCF73DDA1E3732CD00078DFA /* theme.swift in Sources */,
				DCF73DE71E37354F00078DFA /* ChangeCityTableViewCell.swift in Sources */,
				DCCD51591E36F031002D4E5E /* AppDelegate.swift in Sources */,
			);
			runOnlyForDeploymentPostprocessing = 0;
		};
		DCCD51651E36F031002D4E5E /* Sources */ = {
			isa = PBXSourcesBuildPhase;
			buildActionMask = 2147483647;
			files = (
				DCCD516E1E36F031002D4E5E /* GA_Placer2_0DemoTests.swift in Sources */,
			);
			runOnlyForDeploymentPostprocessing = 0;
		};
		DCCD51701E36F031002D4E5E /* Sources */ = {
			isa = PBXSourcesBuildPhase;
			buildActionMask = 2147483647;
			files = (
				DCCD51791E36F031002D4E5E /* GA_Placer2_0DemoUITests.swift in Sources */,
			);
			runOnlyForDeploymentPostprocessing = 0;
		};
/* End PBXSourcesBuildPhase section */

/* Begin PBXTargetDependency section */
		DCCD516B1E36F031002D4E5E /* PBXTargetDependency */ = {
			isa = PBXTargetDependency;
			target = DCCD51541E36F031002D4E5E /* GA_Placer2.0Demo */;
			targetProxy = DCCD516A1E36F031002D4E5E /* PBXContainerItemProxy */;
		};
		DCCD51761E36F031002D4E5E /* PBXTargetDependency */ = {
			isa = PBXTargetDependency;
			target = DCCD51541E36F031002D4E5E /* GA_Placer2.0Demo */;
			targetProxy = DCCD51751E36F031002D4E5E /* PBXContainerItemProxy */;
		};
/* End PBXTargetDependency section */

/* Begin PBXVariantGroup section */
		DCCD515C1E36F031002D4E5E /* Main.storyboard */ = {
			isa = PBXVariantGroup;
			children = (
				DCCD515D1E36F031002D4E5E /* Base */,
			);
			name = Main.storyboard;
			sourceTree = "<group>";
		};
		DCCD51611E36F031002D4E5E /* LaunchScreen.storyboard */ = {
			isa = PBXVariantGroup;
			children = (
				DCCD51621E36F031002D4E5E /* Base */,
			);
			name = LaunchScreen.storyboard;
			sourceTree = "<group>";
		};
/* End PBXVariantGroup section */

/* Begin XCBuildConfiguration section */
		DCCD517B1E36F031002D4E5E /* Debug */ = {
			isa = XCBuildConfiguration;
			buildSettings = {
				ALWAYS_SEARCH_USER_PATHS = NO;
				CLANG_ANALYZER_NONNULL = YES;
				CLANG_CXX_LANGUAGE_STANDARD = "gnu++0x";
				CLANG_CXX_LIBRARY = "libc++";
				CLANG_ENABLE_MODULES = YES;
				CLANG_ENABLE_OBJC_ARC = YES;
				CLANG_WARN_BOOL_CONVERSION = YES;
				CLANG_WARN_CONSTANT_CONVERSION = YES;
				CLANG_WARN_DIRECT_OBJC_ISA_USAGE = YES_ERROR;
				CLANG_WARN_DOCUMENTATION_COMMENTS = YES;
				CLANG_WARN_EMPTY_BODY = YES;
				CLANG_WARN_ENUM_CONVERSION = YES;
				CLANG_WARN_INFINITE_RECURSION = YES;
				CLANG_WARN_INT_CONVERSION = YES;
				CLANG_WARN_OBJC_ROOT_CLASS = YES_ERROR;
				CLANG_WARN_SUSPICIOUS_MOVES = YES;
				CLANG_WARN_UNREACHABLE_CODE = YES;
				CLANG_WARN__DUPLICATE_METHOD_MATCH = YES;
				"CODE_SIGN_IDENTITY[sdk=iphoneos*]" = "iPhone Developer";
				COPY_PHASE_STRIP = NO;
				DEBUG_INFORMATION_FORMAT = dwarf;
				ENABLE_STRICT_OBJC_MSGSEND = YES;
				ENABLE_TESTABILITY = YES;
				GCC_C_LANGUAGE_STANDARD = gnu99;
				GCC_DYNAMIC_NO_PIC = NO;
				GCC_NO_COMMON_BLOCKS = YES;
				GCC_OPTIMIZATION_LEVEL = 0;
				GCC_PREPROCESSOR_DEFINITIONS = (
					"DEBUG=1",
					"$(inherited)",
				);
				GCC_WARN_64_TO_32_BIT_CONVERSION = YES;
				GCC_WARN_ABOUT_RETURN_TYPE = YES_ERROR;
				GCC_WARN_UNDECLARED_SELECTOR = YES;
				GCC_WARN_UNINITIALIZED_AUTOS = YES_AGGRESSIVE;
				GCC_WARN_UNUSED_FUNCTION = YES;
				GCC_WARN_UNUSED_VARIABLE = YES;
				IPHONEOS_DEPLOYMENT_TARGET = 10.1;
				MTL_ENABLE_DEBUG_INFO = YES;
				ONLY_ACTIVE_ARCH = YES;
				SDKROOT = iphoneos;
				SWIFT_ACTIVE_COMPILATION_CONDITIONS = DEBUG;
				SWIFT_OPTIMIZATION_LEVEL = "-Onone";
			};
			name = Debug;
		};
		DCCD517C1E36F031002D4E5E /* Release */ = {
			isa = XCBuildConfiguration;
			buildSettings = {
				ALWAYS_SEARCH_USER_PATHS = NO;
				CLANG_ANALYZER_NONNULL = YES;
				CLANG_CXX_LANGUAGE_STANDARD = "gnu++0x";
				CLANG_CXX_LIBRARY = "libc++";
				CLANG_ENABLE_MODULES = YES;
				CLANG_ENABLE_OBJC_ARC = YES;
				CLANG_WARN_BOOL_CONVERSION = YES;
				CLANG_WARN_CONSTANT_CONVERSION = YES;
				CLANG_WARN_DIRECT_OBJC_ISA_USAGE = YES_ERROR;
				CLANG_WARN_DOCUMENTATION_COMMENTS = YES;
				CLANG_WARN_EMPTY_BODY = YES;
				CLANG_WARN_ENUM_CONVERSION = YES;
				CLANG_WARN_INFINITE_RECURSION = YES;
				CLANG_WARN_INT_CONVERSION = YES;
				CLANG_WARN_OBJC_ROOT_CLASS = YES_ERROR;
				CLANG_WARN_SUSPICIOUS_MOVES = YES;
				CLANG_WARN_UNREACHABLE_CODE = YES;
				CLANG_WARN__DUPLICATE_METHOD_MATCH = YES;
				"CODE_SIGN_IDENTITY[sdk=iphoneos*]" = "iPhone Developer";
				COPY_PHASE_STRIP = NO;
				DEBUG_INFORMATION_FORMAT = "dwarf-with-dsym";
				ENABLE_NS_ASSERTIONS = NO;
				ENABLE_STRICT_OBJC_MSGSEND = YES;
				GCC_C_LANGUAGE_STANDARD = gnu99;
				GCC_NO_COMMON_BLOCKS = YES;
				GCC_WARN_64_TO_32_BIT_CONVERSION = YES;
				GCC_WARN_ABOUT_RETURN_TYPE = YES_ERROR;
				GCC_WARN_UNDECLARED_SELECTOR = YES;
				GCC_WARN_UNINITIALIZED_AUTOS = YES_AGGRESSIVE;
				GCC_WARN_UNUSED_FUNCTION = YES;
				GCC_WARN_UNUSED_VARIABLE = YES;
				IPHONEOS_DEPLOYMENT_TARGET = 10.1;
				MTL_ENABLE_DEBUG_INFO = NO;
				SDKROOT = iphoneos;
				SWIFT_OPTIMIZATION_LEVEL = "-Owholemodule";
				VALIDATE_PRODUCT = YES;
			};
			name = Release;
		};
		DCCD517E1E36F031002D4E5E /* Debug */ = {
			isa = XCBuildConfiguration;
			baseConfigurationReference = 43D132A9D3F6B00834CC5F38 /* Pods-GA_Placer2.0Demo.debug.xcconfig */;
			buildSettings = {
				ASSETCATALOG_COMPILER_APPICON_NAME = AppIcon;
				DEVELOPMENT_TEAM = 3T975E2R33;
				INFOPLIST_FILE = GA_Placer2.0Demo/Info.plist;
				IPHONEOS_DEPLOYMENT_TARGET = 9.0;
				LD_RUNPATH_SEARCH_PATHS = "$(inherited) @executable_path/Frameworks";
				PRODUCT_BUNDLE_IDENTIFIER = "com.jianan.GA-Placer2-0Demo";
				PRODUCT_NAME = "$(TARGET_NAME)";
				SWIFT_OBJC_BRIDGING_HEADER = "$(SRCROOT)/GA_Placer2.0Demo/PlacerHeader.h";
				SWIFT_VERSION = 3.0;
			};
			name = Debug;
		};
		DCCD517F1E36F031002D4E5E /* Release */ = {
			isa = XCBuildConfiguration;
			baseConfigurationReference = 8F198711D11E452930A01E9A /* Pods-GA_Placer2.0Demo.release.xcconfig */;
			buildSettings = {
				ASSETCATALOG_COMPILER_APPICON_NAME = AppIcon;
				DEVELOPMENT_TEAM = 3T975E2R33;
				INFOPLIST_FILE = GA_Placer2.0Demo/Info.plist;
				IPHONEOS_DEPLOYMENT_TARGET = 9.0;
				LD_RUNPATH_SEARCH_PATHS = "$(inherited) @executable_path/Frameworks";
				PRODUCT_BUNDLE_IDENTIFIER = "com.jianan.GA-Placer2-0Demo";
				PRODUCT_NAME = "$(TARGET_NAME)";
				SWIFT_OBJC_BRIDGING_HEADER = "$(SRCROOT)/GA_Placer2.0Demo/PlacerHeader.h";
				SWIFT_VERSION = 3.0;
			};
			name = Release;
		};
		DCCD51811E36F031002D4E5E /* Debug */ = {
			isa = XCBuildConfiguration;
			buildSettings = {
				ALWAYS_EMBED_SWIFT_STANDARD_LIBRARIES = YES;
				BUNDLE_LOADER = "$(TEST_HOST)";
				DEVELOPMENT_TEAM = 3T975E2R33;
				INFOPLIST_FILE = GA_Placer2.0DemoTests/Info.plist;
				LD_RUNPATH_SEARCH_PATHS = "$(inherited) @executable_path/Frameworks @loader_path/Frameworks";
				PRODUCT_BUNDLE_IDENTIFIER = "com.jianan.GA-Placer2-0DemoTests";
				PRODUCT_NAME = "$(TARGET_NAME)";
				SWIFT_VERSION = 3.0;
				TEST_HOST = "$(BUILT_PRODUCTS_DIR)/GA_Placer2.0Demo.app/GA_Placer2.0Demo";
			};
			name = Debug;
		};
		DCCD51821E36F031002D4E5E /* Release */ = {
			isa = XCBuildConfiguration;
			buildSettings = {
				ALWAYS_EMBED_SWIFT_STANDARD_LIBRARIES = YES;
				BUNDLE_LOADER = "$(TEST_HOST)";
				DEVELOPMENT_TEAM = 3T975E2R33;
				INFOPLIST_FILE = GA_Placer2.0DemoTests/Info.plist;
				LD_RUNPATH_SEARCH_PATHS = "$(inherited) @executable_path/Frameworks @loader_path/Frameworks";
				PRODUCT_BUNDLE_IDENTIFIER = "com.jianan.GA-Placer2-0DemoTests";
				PRODUCT_NAME = "$(TARGET_NAME)";
				SWIFT_VERSION = 3.0;
				TEST_HOST = "$(BUILT_PRODUCTS_DIR)/GA_Placer2.0Demo.app/GA_Placer2.0Demo";
			};
			name = Release;
		};
		DCCD51841E36F031002D4E5E /* Debug */ = {
			isa = XCBuildConfiguration;
			buildSettings = {
				ALWAYS_EMBED_SWIFT_STANDARD_LIBRARIES = YES;
				DEVELOPMENT_TEAM = 3T975E2R33;
				INFOPLIST_FILE = GA_Placer2.0DemoUITests/Info.plist;
				LD_RUNPATH_SEARCH_PATHS = "$(inherited) @executable_path/Frameworks @loader_path/Frameworks";
				PRODUCT_BUNDLE_IDENTIFIER = "com.jianan.GA-Placer2-0DemoUITests";
				PRODUCT_NAME = "$(TARGET_NAME)";
				SWIFT_VERSION = 3.0;
				TEST_TARGET_NAME = GA_Placer2.0Demo;
			};
			name = Debug;
		};
		DCCD51851E36F031002D4E5E /* Release */ = {
			isa = XCBuildConfiguration;
			buildSettings = {
				ALWAYS_EMBED_SWIFT_STANDARD_LIBRARIES = YES;
				DEVELOPMENT_TEAM = 3T975E2R33;
				INFOPLIST_FILE = GA_Placer2.0DemoUITests/Info.plist;
				LD_RUNPATH_SEARCH_PATHS = "$(inherited) @executable_path/Frameworks @loader_path/Frameworks";
				PRODUCT_BUNDLE_IDENTIFIER = "com.jianan.GA-Placer2-0DemoUITests";
				PRODUCT_NAME = "$(TARGET_NAME)";
				SWIFT_VERSION = 3.0;
				TEST_TARGET_NAME = GA_Placer2.0Demo;
			};
			name = Release;
		};
/* End XCBuildConfiguration section */

/* Begin XCConfigurationList section */
		DCCD51501E36F031002D4E5E /* Build configuration list for PBXProject "GA_Placer2.0Demo" */ = {
			isa = XCConfigurationList;
			buildConfigurations = (
				DCCD517B1E36F031002D4E5E /* Debug */,
				DCCD517C1E36F031002D4E5E /* Release */,
			);
			defaultConfigurationIsVisible = 0;
			defaultConfigurationName = Release;
		};
		DCCD517D1E36F031002D4E5E /* Build configuration list for PBXNativeTarget "GA_Placer2.0Demo" */ = {
			isa = XCConfigurationList;
			buildConfigurations = (
				DCCD517E1E36F031002D4E5E /* Debug */,
				DCCD517F1E36F031002D4E5E /* Release */,
			);
			defaultConfigurationIsVisible = 0;
			defaultConfigurationName = Release;
		};
		DCCD51801E36F031002D4E5E /* Build configuration list for PBXNativeTarget "GA_Placer2.0DemoTests" */ = {
			isa = XCConfigurationList;
			buildConfigurations = (
				DCCD51811E36F031002D4E5E /* Debug */,
				DCCD51821E36F031002D4E5E /* Release */,
			);
			defaultConfigurationIsVisible = 0;
			defaultConfigurationName = Release;
		};
		DCCD51831E36F031002D4E5E /* Build configuration list for PBXNativeTarget "GA_Placer2.0DemoUITests" */ = {
			isa = XCConfigurationList;
			buildConfigurations = (
				DCCD51841E36F031002D4E5E /* Debug */,
				DCCD51851E36F031002D4E5E /* Release */,
			);
			defaultConfigurationIsVisible = 0;
			defaultConfigurationName = Release;
		};
/* End XCConfigurationList section */
	};
	rootObject = DCCD514D1E36F031002D4E5E /* Project object */;
}
